<?xml version="1.0" encoding="utf-8"?>
<Project ToolsVersion="4.0" xmlns="http://schemas.microsoft.com/developer/msbuild/2003">
  <ItemGroup>
    <Filter Include="Main">
      <UniqueIdentifier>{b8286b0c-27fe-4c98-9a87-722528454c46}</UniqueIdentifier>
    </Filter>
    <Filter Include="Def">
      <UniqueIdentifier>{7e89cf60-6d9a-49bf-a22b-a07a6431eff2}</UniqueIdentifier>
    </Filter>
    <Filter Include="Util">
      <UniqueIdentifier>{32d136fa-6603-4153-bda8-92d4c5f26e1c}</UniqueIdentifier>
    </Filter>
    <Filter Include="Main\PacketHandler">
      <UniqueIdentifier>{6cf7e898-e219-4e36-b144-900e20250759}</UniqueIdentifier>
    </Filter>
    <Filter Include="Protocol">
      <UniqueIdentifier>{dd9b3b51-07fc-4c1e-a928-d334f4173db1}</UniqueIdentifier>
    </Filter>
  </ItemGroup>
  <ItemGroup>
    <ClCompile Include="Client.cpp">
      <Filter>Main</Filter>
    </ClCompile>
    <ClCompile Include="pch.cpp">
      <Filter>Def</Filter>
    </ClCompile>
    <ClCompile Include="ServerPacketHandler.cpp">
      <Filter>Main\PacketHandler</Filter>
    </ClCompile>
  </ItemGroup>
  <ItemGroup>
    <ClInclude Include="pch.h">
      <Filter>Def</Filter>
    </ClInclude>
    <ClInclude Include="ServerPacketHandler.h">
      <Filter>Main\PacketHandler</Filter>
    </ClInclude>
  </ItemGroup>
</Project>