
Microsoft Visual Studio Solution File, Format Version 12.00
# Visual Studio Version 17
Project("{8BC9CEB8-8B4A-11D0-8D11-00A0C91BC942}") = "ALL_BUILD", "ALL_BUILD.vcxproj", "{C587B2A6-FF33-38A4-95F2-B29953C069F2}"
	ProjectSection(ProjectDependencies) = postProject
		{D53901B9-A88D-3A27-9205-00D2907B4F93} = {D53901B9-A88D-3A27-9205-00D2907B4F93}
		{482800B9-B47A-3F71-8925-BFC22744C769} = {482800B9-B47A-3F71-8925-BFC22744C769}
		{A3627D42-E06C-3B6D-A682-EFBC1E623FD0} = {A3627D42-E06C-3B6D-A682-EFBC1E623FD0}
	EndProjectSection
EndProject
Project("{8BC9CEB8-8B4A-11D0-8D11-00A0C91BC942}") = "INSTALL", "INSTALL.vcxproj", "{69F7B32B-0458-371D-AB51-875FA479B7C7}"
	ProjectSection(ProjectDependencies) = postProject
		{C587B2A6-FF33-38A4-95F2-B29953C069F2} = {C587B2A6-FF33-38A4-95F2-B29953C069F2}
		{D53901B9-A88D-3A27-9205-00D2907B4F93} = {D53901B9-A88D-3A27-9205-00D2907B4F93}
	EndProjectSection
EndProject
Project("{8BC9CEB8-8B4A-11D0-8D11-00A0C91BC942}") = "OpenXLSX", "..\OpenXLSX\OpenXLSX.vcxproj", "{865F643A-F1A8-3015-AF57-DCC751F3E94C}"
	ProjectSection(ProjectDependencies) = postProject
		{D53901B9-A88D-3A27-9205-00D2907B4F93} = {D53901B9-A88D-3A27-9205-00D2907B4F93}
	EndProjectSection
EndProject
Project("{8BC9CEB8-8B4A-11D0-8D11-00A0C91BC942}") = "OpenXLSXBenchmark", "OpenXLSXBenchmark.vcxproj", "{64CB8B13-BAF3-37E4-965A-F03DA656884C}"
	ProjectSection(ProjectDependencies) = postProject
		{865F643A-F1A8-3015-AF57-DCC751F3E94C} = {865F643A-F1A8-3015-AF57-DCC751F3E94C}
		{D53901B9-A88D-3A27-9205-00D2907B4F93} = {D53901B9-A88D-3A27-9205-00D2907B4F93}
		{482800B9-B47A-3F71-8925-BFC22744C769} = {482800B9-B47A-3F71-8925-BFC22744C769}
		{A3627D42-E06C-3B6D-A682-EFBC1E623FD0} = {A3627D42-E06C-3B6D-A682-EFBC1E623FD0}
	EndProjectSection
EndProject
Project("{8BC9CEB8-8B4A-11D0-8D11-00A0C91BC942}") = "ZERO_CHECK", "..\\ZERO_CHECK.vcxproj", "{D53901B9-A88D-3A27-9205-00D2907B4F93}"
	ProjectSection(ProjectDependencies) = postProject
	EndProjectSection
EndProject
Project("{8BC9CEB8-8B4A-11D0-8D11-00A0C91BC942}") = "benchmark", "gbench\src\benchmark.vcxproj", "{482800B9-B47A-3F71-8925-BFC22744C769}"
	ProjectSection(ProjectDependencies) = postProject
		{D53901B9-A88D-3A27-9205-00D2907B4F93} = {D53901B9-A88D-3A27-9205-00D2907B4F93}
	EndProjectSection
EndProject
Project("{8BC9CEB8-8B4A-11D0-8D11-00A0C91BC942}") = "benchmark_main", "gbench\src\benchmark_main.vcxproj", "{A3627D42-E06C-3B6D-A682-EFBC1E623FD0}"
	ProjectSection(ProjectDependencies) = postProject
		{D53901B9-A88D-3A27-9205-00D2907B4F93} = {D53901B9-A88D-3A27-9205-00D2907B4F93}
		{482800B9-B47A-3F71-8925-BFC22744C769} = {482800B9-B47A-3F71-8925-BFC22744C769}
	EndProjectSection
EndProject
Global
	GlobalSection(SolutionConfigurationPlatforms) = preSolution
		Debug|x64 = Debug|x64
		Release|x64 = Release|x64
		MinSizeRel|x64 = MinSizeRel|x64
		RelWithDebInfo|x64 = RelWithDebInfo|x64
	EndGlobalSection
	GlobalSection(ProjectConfigurationPlatforms) = postSolution
		{C587B2A6-FF33-38A4-95F2-B29953C069F2}.Debug|x64.ActiveCfg = Debug|x64
		{C587B2A6-FF33-38A4-95F2-B29953C069F2}.Debug|x64.Build.0 = Debug|x64
		{C587B2A6-FF33-38A4-95F2-B29953C069F2}.Release|x64.ActiveCfg = Release|x64
		{C587B2A6-FF33-38A4-95F2-B29953C069F2}.Release|x64.Build.0 = Release|x64
		{C587B2A6-FF33-38A4-95F2-B29953C069F2}.MinSizeRel|x64.ActiveCfg = MinSizeRel|x64
		{C587B2A6-FF33-38A4-95F2-B29953C069F2}.MinSizeRel|x64.Build.0 = MinSizeRel|x64
		{C587B2A6-FF33-38A4-95F2-B29953C069F2}.RelWithDebInfo|x64.ActiveCfg = RelWithDebInfo|x64
		{C587B2A6-FF33-38A4-95F2-B29953C069F2}.RelWithDebInfo|x64.Build.0 = RelWithDebInfo|x64
		{69F7B32B-0458-371D-AB51-875FA479B7C7}.Debug|x64.ActiveCfg = Debug|x64
		{69F7B32B-0458-371D-AB51-875FA479B7C7}.Release|x64.ActiveCfg = Release|x64
		{69F7B32B-0458-371D-AB51-875FA479B7C7}.MinSizeRel|x64.ActiveCfg = MinSizeRel|x64
		{69F7B32B-0458-371D-AB51-875FA479B7C7}.RelWithDebInfo|x64.ActiveCfg = RelWithDebInfo|x64
		{865F643A-F1A8-3015-AF57-DCC751F3E94C}.Debug|x64.ActiveCfg = Debug|x64
		{865F643A-F1A8-3015-AF57-DCC751F3E94C}.Debug|x64.Build.0 = Debug|x64
		{865F643A-F1A8-3015-AF57-DCC751F3E94C}.Release|x64.ActiveCfg = Release|x64
		{865F643A-F1A8-3015-AF57-DCC751F3E94C}.Release|x64.Build.0 = Release|x64
		{865F643A-F1A8-3015-AF57-DCC751F3E94C}.MinSizeRel|x64.ActiveCfg = MinSizeRel|x64
		{865F643A-F1A8-3015-AF57-DCC751F3E94C}.MinSizeRel|x64.Build.0 = MinSizeRel|x64
		{865F643A-F1A8-3015-AF57-DCC751F3E94C}.RelWithDebInfo|x64.ActiveCfg = RelWithDebInfo|x64
		{865F643A-F1A8-3015-AF57-DCC751F3E94C}.RelWithDebInfo|x64.Build.0 = RelWithDebInfo|x64
		{64CB8B13-BAF3-37E4-965A-F03DA656884C}.Debug|x64.ActiveCfg = Debug|x64
		{64CB8B13-BAF3-37E4-965A-F03DA656884C}.Debug|x64.Build.0 = Debug|x64
		{64CB8B13-BAF3-37E4-965A-F03DA656884C}.Release|x64.ActiveCfg = Release|x64
		{64CB8B13-BAF3-37E4-965A-F03DA656884C}.Release|x64.Build.0 = Release|x64
		{64CB8B13-BAF3-37E4-965A-F03DA656884C}.MinSizeRel|x64.ActiveCfg = MinSizeRel|x64
		{64CB8B13-BAF3-37E4-965A-F03DA656884C}.MinSizeRel|x64.Build.0 = MinSizeRel|x64
		{64CB8B13-BAF3-37E4-965A-F03DA656884C}.RelWithDebInfo|x64.ActiveCfg = RelWithDebInfo|x64
		{64CB8B13-BAF3-37E4-965A-F03DA656884C}.RelWithDebInfo|x64.Build.0 = RelWithDebInfo|x64
		{D53901B9-A88D-3A27-9205-00D2907B4F93}.Debug|x64.ActiveCfg = Debug|x64
		{D53901B9-A88D-3A27-9205-00D2907B4F93}.Debug|x64.Build.0 = Debug|x64
		{D53901B9-A88D-3A27-9205-00D2907B4F93}.Release|x64.ActiveCfg = Release|x64
		{D53901B9-A88D-3A27-9205-00D2907B4F93}.Release|x64.Build.0 = Release|x64
		{D53901B9-A88D-3A27-9205-00D2907B4F93}.MinSizeRel|x64.ActiveCfg = MinSizeRel|x64
		{D53901B9-A88D-3A27-9205-00D2907B4F93}.MinSizeRel|x64.Build.0 = MinSizeRel|x64
		{D53901B9-A88D-3A27-9205-00D2907B4F93}.RelWithDebInfo|x64.ActiveCfg = RelWithDebInfo|x64
		{D53901B9-A88D-3A27-9205-00D2907B4F93}.RelWithDebInfo|x64.Build.0 = RelWithDebInfo|x64
		{482800B9-B47A-3F71-8925-BFC22744C769}.Debug|x64.ActiveCfg = Debug|x64
		{482800B9-B47A-3F71-8925-BFC22744C769}.Debug|x64.Build.0 = Debug|x64
		{482800B9-B47A-3F71-8925-BFC22744C769}.Release|x64.ActiveCfg = Release|x64
		{482800B9-B47A-3F71-8925-BFC22744C769}.Release|x64.Build.0 = Release|x64
		{482800B9-B47A-3F71-8925-BFC22744C769}.MinSizeRel|x64.ActiveCfg = MinSizeRel|x64
		{482800B9-B47A-3F71-8925-BFC22744C769}.MinSizeRel|x64.Build.0 = MinSizeRel|x64
		{482800B9-B47A-3F71-8925-BFC22744C769}.RelWithDebInfo|x64.ActiveCfg = RelWithDebInfo|x64
		{482800B9-B47A-3F71-8925-BFC22744C769}.RelWithDebInfo|x64.Build.0 = RelWithDebInfo|x64
		{A3627D42-E06C-3B6D-A682-EFBC1E623FD0}.Debug|x64.ActiveCfg = Debug|x64
		{A3627D42-E06C-3B6D-A682-EFBC1E623FD0}.Debug|x64.Build.0 = Debug|x64
		{A3627D42-E06C-3B6D-A682-EFBC1E623FD0}.Release|x64.ActiveCfg = Release|x64
		{A3627D42-E06C-3B6D-A682-EFBC1E623FD0}.Release|x64.Build.0 = Release|x64
		{A3627D42-E06C-3B6D-A682-EFBC1E623FD0}.MinSizeRel|x64.ActiveCfg = MinSizeRel|x64
		{A3627D42-E06C-3B6D-A682-EFBC1E623FD0}.MinSizeRel|x64.Build.0 = MinSizeRel|x64
		{A3627D42-E06C-3B6D-A682-EFBC1E623FD0}.RelWithDebInfo|x64.ActiveCfg = RelWithDebInfo|x64
		{A3627D42-E06C-3B6D-A682-EFBC1E623FD0}.RelWithDebInfo|x64.Build.0 = RelWithDebInfo|x64
	EndGlobalSection
	GlobalSection(ExtensibilityGlobals) = postSolution
		SolutionGuid = {CA8EBC21-1377-35AC-92B8-FD86C47E329C}
	EndGlobalSection
	GlobalSection(ExtensibilityAddIns) = postSolution
	EndGlobalSection
EndGlobal
