<?xml version="1.0" encoding="utf-8"?>
<Project ToolsVersion="4.0" xmlns="http://schemas.microsoft.com/developer/msbuild/2003">
  <ItemGroup>
    <Filter Include="Main">
      <UniqueIdentifier>{f3fe70c6-32b2-47aa-b7a4-49703187ff25}</UniqueIdentifier>
    </Filter>
    <Filter Include="Def">
      <UniqueIdentifier>{ef14358a-b940-4e17-a20e-4659cc52607e}</UniqueIdentifier>
    </Filter>
    <Filter Include="Util">
      <UniqueIdentifier>{87204874-cfb5-4258-a6fd-8d0ccbc85e5b}</UniqueIdentifier>
    </Filter>
    <Filter Include="Contents">
      <UniqueIdentifier>{4d4eac9c-69b7-47f0-a848-ca70ac71619e}</UniqueIdentifier>
    </Filter>
    <Filter Include="Main\Session">
      <UniqueIdentifier>{6016eb2a-467f-4b6c-8076-13a4b6a865b3}</UniqueIdentifier>
    </Filter>
    <Filter Include="Main\PacketHandler">
      <UniqueIdentifier>{d1e8a3ee-feea-4343-a603-30f268350bf8}</UniqueIdentifier>
    </Filter>
    <Filter Include="DataBase">
      <UniqueIdentifier>{8b079d5c-9e24-4562-8b70-ef6c6e3d5a90}</UniqueIdentifier>
    </Filter>
    <Filter Include="Protocol">
      <UniqueIdentifier>{347cd8dd-06ca-4840-b965-858a0b7bd4e0}</UniqueIdentifier>
    </Filter>
  </ItemGroup>
  <ItemGroup>
    <ClCompile Include="GameServer.cpp">
      <Filter>Main</Filter>
    </ClCompile>
    <ClCompile Include="pch.cpp">
      <Filter>Def</Filter>
    </ClCompile>
    <ClCompile Include="Player.cpp">
      <Filter>Contents</Filter>
    </ClCompile>
    <ClCompile Include="Room.cpp">
      <Filter>Contents</Filter>
    </ClCompile>
    <ClCompile Include="GameSession.cpp">
      <Filter>Main\Session</Filter>
    </ClCompile>
    <ClCompile Include="GameSessionManager.cpp">
      <Filter>Main\Session</Filter>
    </ClCompile>
    <ClCompile Include="ClientPacketHandler.cpp">
      <Filter>Main\PacketHandler</Filter>
    </ClCompile>
    <ClCompile Include="DataBaseBase.cpp">
      <Filter>DataBase</Filter>
    </ClCompile>
    <ClCompile Include="GameServerSystem.cpp">
      <Filter>Main</Filter>
    </ClCompile>
    <ClCompile Include="ADOManager.cpp">
      <Filter>DataBase</Filter>
    </ClCompile>
    <ClCompile Include="ADO.cpp">
      <Filter>DataBase</Filter>
    </ClCompile>
    <ClCompile Include="ADOAgnet.cpp">
      <Filter>DataBase</Filter>
    </ClCompile>
    <ClCompile Include="ADOQuery.cpp">
      <Filter>DataBase</Filter>
    </ClCompile>
  </ItemGroup>
  <ItemGroup>
    <ClInclude Include="pch.h">
      <Filter>Def</Filter>
    </ClInclude>
    <ClInclude Include="Player.h">
      <Filter>Contents</Filter>
    </ClInclude>
    <ClInclude Include="Room.h">
      <Filter>Contents</Filter>
    </ClInclude>
    <ClInclude Include="GameSession.h">
      <Filter>Main\Session</Filter>
    </ClInclude>
    <ClInclude Include="GameSessionManager.h">
      <Filter>Main\Session</Filter>
    </ClInclude>
    <ClInclude Include="ClientPacketHandler.h">
      <Filter>Main\PacketHandler</Filter>
    </ClInclude>
    <ClInclude Include="DataBaseBase.h">
      <Filter>DataBase</Filter>
    </ClInclude>
    <ClInclude Include="GameServerSystem.h">
      <Filter>Main</Filter>
    </ClInclude>
    <ClInclude Include="ADOManager.h">
      <Filter>DataBase</Filter>
    </ClInclude>
    <ClInclude Include="ADO.h">
      <Filter>DataBase</Filter>
    </ClInclude>
    <ClInclude Include="ADOAgnet.h">
      <Filter>DataBase</Filter>
    </ClInclude>
    <ClInclude Include="ADOQuery.h">
      <Filter>DataBase</Filter>
    </ClInclude>
  </ItemGroup>
</Project>