<?xml version="1.0" encoding="utf-8"?>
<Project ToolsVersion="17.0" xmlns="http://schemas.microsoft.com/developer/msbuild/2003">
  <ItemGroup>
    <ClCompile Include="C:\Kh_Kan_CPP_Works\OpenXLSX-master\Examples\Demo5.cpp">
      <Filter>Source Files</Filter>
    </ClCompile>
  </ItemGroup>
  <ItemGroup>
    <CustomBuild Include="C:\Kh_Kan_CPP_Works\OpenXLSX-master\Examples\CMakeLists.txt" />
  </ItemGroup>
  <ItemGroup>
    <Filter Include="Source Files">
      <UniqueIdentifier>{C68BFE86-A21D-3BBA-B75C-EB25E674E8B6}</UniqueIdentifier>
    </Filter>
  </ItemGroup>
</Project>
