
Microsoft Visual Studio Solution File, Format Version 12.00
# Visual Studio Version 17
Project("{8BC9CEB8-8B4A-11D0-8D11-00A0C91BC942}") = "ALL_BUILD", "ALL_BUILD.vcxproj", "{C587B2A6-FF33-38A4-95F2-B29953C069F2}"
	ProjectSection(ProjectDependencies) = postProject
		{E3877744-EC96-3D86-A552-470844653B4F} = {E3877744-EC96-3D86-A552-470844653B4F}
		{FF9CAB3D-630D-3235-B800-09BA1EAA1016} = {FF9CAB3D-630D-3235-B800-09BA1EAA1016}
		{907CE806-EC22-38F7-8E60-4CF6E03DB94D} = {907CE806-EC22-38F7-8E60-4CF6E03DB94D}
		{53FE5FFC-6C39-3C71-A078-F4C6DDEB2C92} = {53FE5FFC-6C39-3C71-A078-F4C6DDEB2C92}
		{8B8E68A0-7798-3F9A-BE5C-A990DD12FF99} = {8B8E68A0-7798-3F9A-BE5C-A990DD12FF99}
		{BC00E3FA-20CA-386B-BC4E-479A90C97633} = {BC00E3FA-20CA-386B-BC4E-479A90C97633}
		{DB0EF83B-AA60-351B-9ED5-A7AF9A7D6D9C} = {DB0EF83B-AA60-351B-9ED5-A7AF9A7D6D9C}
		{E91F82DD-4B94-3FB1-85C5-C910D0A88A2C} = {E91F82DD-4B94-3FB1-85C5-C910D0A88A2C}
		{D53901B9-A88D-3A27-9205-00D2907B4F93} = {D53901B9-A88D-3A27-9205-00D2907B4F93}
	EndProjectSection
EndProject
Project("{8BC9CEB8-8B4A-11D0-8D11-00A0C91BC942}") = "Demo1", "Demo1.vcxproj", "{E3877744-EC96-3D86-A552-470844653B4F}"
	ProjectSection(ProjectDependencies) = postProject
		{865F643A-F1A8-3015-AF57-DCC751F3E94C} = {865F643A-F1A8-3015-AF57-DCC751F3E94C}
		{D53901B9-A88D-3A27-9205-00D2907B4F93} = {D53901B9-A88D-3A27-9205-00D2907B4F93}
	EndProjectSection
EndProject
Project("{8BC9CEB8-8B4A-11D0-8D11-00A0C91BC942}") = "Demo2", "Demo2.vcxproj", "{FF9CAB3D-630D-3235-B800-09BA1EAA1016}"
	ProjectSection(ProjectDependencies) = postProject
		{865F643A-F1A8-3015-AF57-DCC751F3E94C} = {865F643A-F1A8-3015-AF57-DCC751F3E94C}
		{D53901B9-A88D-3A27-9205-00D2907B4F93} = {D53901B9-A88D-3A27-9205-00D2907B4F93}
	EndProjectSection
EndProject
Project("{8BC9CEB8-8B4A-11D0-8D11-00A0C91BC942}") = "Demo3", "Demo3.vcxproj", "{907CE806-EC22-38F7-8E60-4CF6E03DB94D}"
	ProjectSection(ProjectDependencies) = postProject
		{865F643A-F1A8-3015-AF57-DCC751F3E94C} = {865F643A-F1A8-3015-AF57-DCC751F3E94C}
		{D53901B9-A88D-3A27-9205-00D2907B4F93} = {D53901B9-A88D-3A27-9205-00D2907B4F93}
	EndProjectSection
EndProject
Project("{8BC9CEB8-8B4A-11D0-8D11-00A0C91BC942}") = "Demo4", "Demo4.vcxproj", "{53FE5FFC-6C39-3C71-A078-F4C6DDEB2C92}"
	ProjectSection(ProjectDependencies) = postProject
		{865F643A-F1A8-3015-AF57-DCC751F3E94C} = {865F643A-F1A8-3015-AF57-DCC751F3E94C}
		{D53901B9-A88D-3A27-9205-00D2907B4F93} = {D53901B9-A88D-3A27-9205-00D2907B4F93}
		{06BE2E1D-2136-3C22-9A4B-E0E99079A2B5} = {06BE2E1D-2136-3C22-9A4B-E0E99079A2B5}
	EndProjectSection
EndProject
Project("{8BC9CEB8-8B4A-11D0-8D11-00A0C91BC942}") = "Demo5", "Demo5.vcxproj", "{8B8E68A0-7798-3F9A-BE5C-A990DD12FF99}"
	ProjectSection(ProjectDependencies) = postProject
		{865F643A-F1A8-3015-AF57-DCC751F3E94C} = {865F643A-F1A8-3015-AF57-DCC751F3E94C}
		{D53901B9-A88D-3A27-9205-00D2907B4F93} = {D53901B9-A88D-3A27-9205-00D2907B4F93}
	EndProjectSection
EndProject
Project("{8BC9CEB8-8B4A-11D0-8D11-00A0C91BC942}") = "Demo6", "Demo6.vcxproj", "{BC00E3FA-20CA-386B-BC4E-479A90C97633}"
	ProjectSection(ProjectDependencies) = postProject
		{865F643A-F1A8-3015-AF57-DCC751F3E94C} = {865F643A-F1A8-3015-AF57-DCC751F3E94C}
		{D53901B9-A88D-3A27-9205-00D2907B4F93} = {D53901B9-A88D-3A27-9205-00D2907B4F93}
	EndProjectSection
EndProject
Project("{8BC9CEB8-8B4A-11D0-8D11-00A0C91BC942}") = "Demo7", "Demo7.vcxproj", "{DB0EF83B-AA60-351B-9ED5-A7AF9A7D6D9C}"
	ProjectSection(ProjectDependencies) = postProject
		{865F643A-F1A8-3015-AF57-DCC751F3E94C} = {865F643A-F1A8-3015-AF57-DCC751F3E94C}
		{D53901B9-A88D-3A27-9205-00D2907B4F93} = {D53901B9-A88D-3A27-9205-00D2907B4F93}
	EndProjectSection
EndProject
Project("{8BC9CEB8-8B4A-11D0-8D11-00A0C91BC942}") = "Demo8", "Demo8.vcxproj", "{E91F82DD-4B94-3FB1-85C5-C910D0A88A2C}"
	ProjectSection(ProjectDependencies) = postProject
		{865F643A-F1A8-3015-AF57-DCC751F3E94C} = {865F643A-F1A8-3015-AF57-DCC751F3E94C}
		{D53901B9-A88D-3A27-9205-00D2907B4F93} = {D53901B9-A88D-3A27-9205-00D2907B4F93}
	EndProjectSection
EndProject
Project("{8BC9CEB8-8B4A-11D0-8D11-00A0C91BC942}") = "INSTALL", "INSTALL.vcxproj", "{69F7B32B-0458-371D-AB51-875FA479B7C7}"
	ProjectSection(ProjectDependencies) = postProject
		{C587B2A6-FF33-38A4-95F2-B29953C069F2} = {C587B2A6-FF33-38A4-95F2-B29953C069F2}
		{D53901B9-A88D-3A27-9205-00D2907B4F93} = {D53901B9-A88D-3A27-9205-00D2907B4F93}
	EndProjectSection
EndProject
Project("{8BC9CEB8-8B4A-11D0-8D11-00A0C91BC942}") = "OpenXLSX", "..\OpenXLSX\OpenXLSX.vcxproj", "{865F643A-F1A8-3015-AF57-DCC751F3E94C}"
	ProjectSection(ProjectDependencies) = postProject
		{D53901B9-A88D-3A27-9205-00D2907B4F93} = {D53901B9-A88D-3A27-9205-00D2907B4F93}
	EndProjectSection
EndProject
Project("{8BC9CEB8-8B4A-11D0-8D11-00A0C91BC942}") = "ZERO_CHECK", "..\\ZERO_CHECK.vcxproj", "{D53901B9-A88D-3A27-9205-00D2907B4F93}"
	ProjectSection(ProjectDependencies) = postProject
	EndProjectSection
EndProject
Project("{8BC9CEB8-8B4A-11D0-8D11-00A0C91BC942}") = "nowide", "external\nowide\nowide.vcxproj", "{06BE2E1D-2136-3C22-9A4B-E0E99079A2B5}"
	ProjectSection(ProjectDependencies) = postProject
		{D53901B9-A88D-3A27-9205-00D2907B4F93} = {D53901B9-A88D-3A27-9205-00D2907B4F93}
	EndProjectSection
EndProject
Global
	GlobalSection(SolutionConfigurationPlatforms) = preSolution
		Debug|x64 = Debug|x64
		Release|x64 = Release|x64
		MinSizeRel|x64 = MinSizeRel|x64
		RelWithDebInfo|x64 = RelWithDebInfo|x64
	EndGlobalSection
	GlobalSection(ProjectConfigurationPlatforms) = postSolution
		{C587B2A6-FF33-38A4-95F2-B29953C069F2}.Debug|x64.ActiveCfg = Debug|x64
		{C587B2A6-FF33-38A4-95F2-B29953C069F2}.Debug|x64.Build.0 = Debug|x64
		{C587B2A6-FF33-38A4-95F2-B29953C069F2}.Release|x64.ActiveCfg = Release|x64
		{C587B2A6-FF33-38A4-95F2-B29953C069F2}.Release|x64.Build.0 = Release|x64
		{C587B2A6-FF33-38A4-95F2-B29953C069F2}.MinSizeRel|x64.ActiveCfg = MinSizeRel|x64
		{C587B2A6-FF33-38A4-95F2-B29953C069F2}.MinSizeRel|x64.Build.0 = MinSizeRel|x64
		{C587B2A6-FF33-38A4-95F2-B29953C069F2}.RelWithDebInfo|x64.ActiveCfg = RelWithDebInfo|x64
		{C587B2A6-FF33-38A4-95F2-B29953C069F2}.RelWithDebInfo|x64.Build.0 = RelWithDebInfo|x64
		{E3877744-EC96-3D86-A552-470844653B4F}.Debug|x64.ActiveCfg = Debug|x64
		{E3877744-EC96-3D86-A552-470844653B4F}.Debug|x64.Build.0 = Debug|x64
		{E3877744-EC96-3D86-A552-470844653B4F}.Release|x64.ActiveCfg = Release|x64
		{E3877744-EC96-3D86-A552-470844653B4F}.Release|x64.Build.0 = Release|x64
		{E3877744-EC96-3D86-A552-470844653B4F}.MinSizeRel|x64.ActiveCfg = MinSizeRel|x64
		{E3877744-EC96-3D86-A552-470844653B4F}.MinSizeRel|x64.Build.0 = MinSizeRel|x64
		{E3877744-EC96-3D86-A552-470844653B4F}.RelWithDebInfo|x64.ActiveCfg = RelWithDebInfo|x64
		{E3877744-EC96-3D86-A552-470844653B4F}.RelWithDebInfo|x64.Build.0 = RelWithDebInfo|x64
		{FF9CAB3D-630D-3235-B800-09BA1EAA1016}.Debug|x64.ActiveCfg = Debug|x64
		{FF9CAB3D-630D-3235-B800-09BA1EAA1016}.Debug|x64.Build.0 = Debug|x64
		{FF9CAB3D-630D-3235-B800-09BA1EAA1016}.Release|x64.ActiveCfg = Release|x64
		{FF9CAB3D-630D-3235-B800-09BA1EAA1016}.Release|x64.Build.0 = Release|x64
		{FF9CAB3D-630D-3235-B800-09BA1EAA1016}.MinSizeRel|x64.ActiveCfg = MinSizeRel|x64
		{FF9CAB3D-630D-3235-B800-09BA1EAA1016}.MinSizeRel|x64.Build.0 = MinSizeRel|x64
		{FF9CAB3D-630D-3235-B800-09BA1EAA1016}.RelWithDebInfo|x64.ActiveCfg = RelWithDebInfo|x64
		{FF9CAB3D-630D-3235-B800-09BA1EAA1016}.RelWithDebInfo|x64.Build.0 = RelWithDebInfo|x64
		{907CE806-EC22-38F7-8E60-4CF6E03DB94D}.Debug|x64.ActiveCfg = Debug|x64
		{907CE806-EC22-38F7-8E60-4CF6E03DB94D}.Debug|x64.Build.0 = Debug|x64
		{907CE806-EC22-38F7-8E60-4CF6E03DB94D}.Release|x64.ActiveCfg = Release|x64
		{907CE806-EC22-38F7-8E60-4CF6E03DB94D}.Release|x64.Build.0 = Release|x64
		{907CE806-EC22-38F7-8E60-4CF6E03DB94D}.MinSizeRel|x64.ActiveCfg = MinSizeRel|x64
		{907CE806-EC22-38F7-8E60-4CF6E03DB94D}.MinSizeRel|x64.Build.0 = MinSizeRel|x64
		{907CE806-EC22-38F7-8E60-4CF6E03DB94D}.RelWithDebInfo|x64.ActiveCfg = RelWithDebInfo|x64
		{907CE806-EC22-38F7-8E60-4CF6E03DB94D}.RelWithDebInfo|x64.Build.0 = RelWithDebInfo|x64
		{53FE5FFC-6C39-3C71-A078-F4C6DDEB2C92}.Debug|x64.ActiveCfg = Debug|x64
		{53FE5FFC-6C39-3C71-A078-F4C6DDEB2C92}.Debug|x64.Build.0 = Debug|x64
		{53FE5FFC-6C39-3C71-A078-F4C6DDEB2C92}.Release|x64.ActiveCfg = Release|x64
		{53FE5FFC-6C39-3C71-A078-F4C6DDEB2C92}.Release|x64.Build.0 = Release|x64
		{53FE5FFC-6C39-3C71-A078-F4C6DDEB2C92}.MinSizeRel|x64.ActiveCfg = MinSizeRel|x64
		{53FE5FFC-6C39-3C71-A078-F4C6DDEB2C92}.MinSizeRel|x64.Build.0 = MinSizeRel|x64
		{53FE5FFC-6C39-3C71-A078-F4C6DDEB2C92}.RelWithDebInfo|x64.ActiveCfg = RelWithDebInfo|x64
		{53FE5FFC-6C39-3C71-A078-F4C6DDEB2C92}.RelWithDebInfo|x64.Build.0 = RelWithDebInfo|x64
		{8B8E68A0-7798-3F9A-BE5C-A990DD12FF99}.Debug|x64.ActiveCfg = Debug|x64
		{8B8E68A0-7798-3F9A-BE5C-A990DD12FF99}.Debug|x64.Build.0 = Debug|x64
		{8B8E68A0-7798-3F9A-BE5C-A990DD12FF99}.Release|x64.ActiveCfg = Release|x64
		{8B8E68A0-7798-3F9A-BE5C-A990DD12FF99}.Release|x64.Build.0 = Release|x64
		{8B8E68A0-7798-3F9A-BE5C-A990DD12FF99}.MinSizeRel|x64.ActiveCfg = MinSizeRel|x64
		{8B8E68A0-7798-3F9A-BE5C-A990DD12FF99}.MinSizeRel|x64.Build.0 = MinSizeRel|x64
		{8B8E68A0-7798-3F9A-BE5C-A990DD12FF99}.RelWithDebInfo|x64.ActiveCfg = RelWithDebInfo|x64
		{8B8E68A0-7798-3F9A-BE5C-A990DD12FF99}.RelWithDebInfo|x64.Build.0 = RelWithDebInfo|x64
		{BC00E3FA-20CA-386B-BC4E-479A90C97633}.Debug|x64.ActiveCfg = Debug|x64
		{BC00E3FA-20CA-386B-BC4E-479A90C97633}.Debug|x64.Build.0 = Debug|x64
		{BC00E3FA-20CA-386B-BC4E-479A90C97633}.Release|x64.ActiveCfg = Release|x64
		{BC00E3FA-20CA-386B-BC4E-479A90C97633}.Release|x64.Build.0 = Release|x64
		{BC00E3FA-20CA-386B-BC4E-479A90C97633}.MinSizeRel|x64.ActiveCfg = MinSizeRel|x64
		{BC00E3FA-20CA-386B-BC4E-479A90C97633}.MinSizeRel|x64.Build.0 = MinSizeRel|x64
		{BC00E3FA-20CA-386B-BC4E-479A90C97633}.RelWithDebInfo|x64.ActiveCfg = RelWithDebInfo|x64
		{BC00E3FA-20CA-386B-BC4E-479A90C97633}.RelWithDebInfo|x64.Build.0 = RelWithDebInfo|x64
		{DB0EF83B-AA60-351B-9ED5-A7AF9A7D6D9C}.Debug|x64.ActiveCfg = Debug|x64
		{DB0EF83B-AA60-351B-9ED5-A7AF9A7D6D9C}.Debug|x64.Build.0 = Debug|x64
		{DB0EF83B-AA60-351B-9ED5-A7AF9A7D6D9C}.Release|x64.ActiveCfg = Release|x64
		{DB0EF83B-AA60-351B-9ED5-A7AF9A7D6D9C}.Release|x64.Build.0 = Release|x64
		{DB0EF83B-AA60-351B-9ED5-A7AF9A7D6D9C}.MinSizeRel|x64.ActiveCfg = MinSizeRel|x64
		{DB0EF83B-AA60-351B-9ED5-A7AF9A7D6D9C}.MinSizeRel|x64.Build.0 = MinSizeRel|x64
		{DB0EF83B-AA60-351B-9ED5-A7AF9A7D6D9C}.RelWithDebInfo|x64.ActiveCfg = RelWithDebInfo|x64
		{DB0EF83B-AA60-351B-9ED5-A7AF9A7D6D9C}.RelWithDebInfo|x64.Build.0 = RelWithDebInfo|x64
		{E91F82DD-4B94-3FB1-85C5-C910D0A88A2C}.Debug|x64.ActiveCfg = Debug|x64
		{E91F82DD-4B94-3FB1-85C5-C910D0A88A2C}.Debug|x64.Build.0 = Debug|x64
		{E91F82DD-4B94-3FB1-85C5-C910D0A88A2C}.Release|x64.ActiveCfg = Release|x64
		{E91F82DD-4B94-3FB1-85C5-C910D0A88A2C}.Release|x64.Build.0 = Release|x64
		{E91F82DD-4B94-3FB1-85C5-C910D0A88A2C}.MinSizeRel|x64.ActiveCfg = MinSizeRel|x64
		{E91F82DD-4B94-3FB1-85C5-C910D0A88A2C}.MinSizeRel|x64.Build.0 = MinSizeRel|x64
		{E91F82DD-4B94-3FB1-85C5-C910D0A88A2C}.RelWithDebInfo|x64.ActiveCfg = RelWithDebInfo|x64
		{E91F82DD-4B94-3FB1-85C5-C910D0A88A2C}.RelWithDebInfo|x64.Build.0 = RelWithDebInfo|x64
		{69F7B32B-0458-371D-AB51-875FA479B7C7}.Debug|x64.ActiveCfg = Debug|x64
		{69F7B32B-0458-371D-AB51-875FA479B7C7}.Release|x64.ActiveCfg = Release|x64
		{69F7B32B-0458-371D-AB51-875FA479B7C7}.MinSizeRel|x64.ActiveCfg = MinSizeRel|x64
		{69F7B32B-0458-371D-AB51-875FA479B7C7}.RelWithDebInfo|x64.ActiveCfg = RelWithDebInfo|x64
		{865F643A-F1A8-3015-AF57-DCC751F3E94C}.Debug|x64.ActiveCfg = Debug|x64
		{865F643A-F1A8-3015-AF57-DCC751F3E94C}.Debug|x64.Build.0 = Debug|x64
		{865F643A-F1A8-3015-AF57-DCC751F3E94C}.Release|x64.ActiveCfg = Release|x64
		{865F643A-F1A8-3015-AF57-DCC751F3E94C}.Release|x64.Build.0 = Release|x64
		{865F643A-F1A8-3015-AF57-DCC751F3E94C}.MinSizeRel|x64.ActiveCfg = MinSizeRel|x64
		{865F643A-F1A8-3015-AF57-DCC751F3E94C}.MinSizeRel|x64.Build.0 = MinSizeRel|x64
		{865F643A-F1A8-3015-AF57-DCC751F3E94C}.RelWithDebInfo|x64.ActiveCfg = RelWithDebInfo|x64
		{865F643A-F1A8-3015-AF57-DCC751F3E94C}.RelWithDebInfo|x64.Build.0 = RelWithDebInfo|x64
		{D53901B9-A88D-3A27-9205-00D2907B4F93}.Debug|x64.ActiveCfg = Debug|x64
		{D53901B9-A88D-3A27-9205-00D2907B4F93}.Debug|x64.Build.0 = Debug|x64
		{D53901B9-A88D-3A27-9205-00D2907B4F93}.Release|x64.ActiveCfg = Release|x64
		{D53901B9-A88D-3A27-9205-00D2907B4F93}.Release|x64.Build.0 = Release|x64
		{D53901B9-A88D-3A27-9205-00D2907B4F93}.MinSizeRel|x64.ActiveCfg = MinSizeRel|x64
		{D53901B9-A88D-3A27-9205-00D2907B4F93}.MinSizeRel|x64.Build.0 = MinSizeRel|x64
		{D53901B9-A88D-3A27-9205-00D2907B4F93}.RelWithDebInfo|x64.ActiveCfg = RelWithDebInfo|x64
		{D53901B9-A88D-3A27-9205-00D2907B4F93}.RelWithDebInfo|x64.Build.0 = RelWithDebInfo|x64
		{06BE2E1D-2136-3C22-9A4B-E0E99079A2B5}.Debug|x64.ActiveCfg = Debug|x64
		{06BE2E1D-2136-3C22-9A4B-E0E99079A2B5}.Debug|x64.Build.0 = Debug|x64
		{06BE2E1D-2136-3C22-9A4B-E0E99079A2B5}.Release|x64.ActiveCfg = Release|x64
		{06BE2E1D-2136-3C22-9A4B-E0E99079A2B5}.Release|x64.Build.0 = Release|x64
		{06BE2E1D-2136-3C22-9A4B-E0E99079A2B5}.MinSizeRel|x64.ActiveCfg = MinSizeRel|x64
		{06BE2E1D-2136-3C22-9A4B-E0E99079A2B5}.MinSizeRel|x64.Build.0 = MinSizeRel|x64
		{06BE2E1D-2136-3C22-9A4B-E0E99079A2B5}.RelWithDebInfo|x64.ActiveCfg = RelWithDebInfo|x64
		{06BE2E1D-2136-3C22-9A4B-E0E99079A2B5}.RelWithDebInfo|x64.Build.0 = RelWithDebInfo|x64
	EndGlobalSection
	GlobalSection(ExtensibilityGlobals) = postSolution
		SolutionGuid = {14C22CB3-E143-3201-B4BC-5E09F5FDBF16}
	EndGlobalSection
	GlobalSection(ExtensibilityAddIns) = postSolution
	EndGlobalSection
EndGlobal
