<?xml version="1.0" encoding="utf-8"?>
<Project ToolsVersion="17.0" xmlns="http://schemas.microsoft.com/developer/msbuild/2003">
  <ItemGroup>
    <CustomBuild Include="C:\Kh_Kan_CPP_Works\OpenXLSX-master_solution\CMakeFiles\5846e266c451f169d87e2a00c1c502a4\generate.stamp.rule">
      <Filter>CMake Rules</Filter>
    </CustomBuild>
  </ItemGroup>
  <ItemGroup>
    <Filter Include="CMake Rules">
      <UniqueIdentifier>{49D421A4-2682-3379-9E47-BAB881B23D1E}</UniqueIdentifier>
    </Filter>
  </ItemGroup>
</Project>
