<?xml version="1.0" encoding="utf-8"?>
<Project ToolsVersion="4.0" xmlns="http://schemas.microsoft.com/developer/msbuild/2003">
  <ItemGroup>
    <Filter Include="Main">
      <UniqueIdentifier>{c13c1ae0-04a5-4c75-8cca-32c105b14916}</UniqueIdentifier>
    </Filter>
    <Filter Include="Def">
      <UniqueIdentifier>{f1456f74-75f8-4736-b59f-7e9a686006f5}</UniqueIdentifier>
    </Filter>
    <Filter Include="Util">
      <UniqueIdentifier>{72f7c285-6a25-4bd9-b090-105b7db113a0}</UniqueIdentifier>
    </Filter>
    <Filter Include="Netwotk">
      <UniqueIdentifier>{b9b53bda-767a-4f6c-8332-a7ee0b55c95e}</UniqueIdentifier>
    </Filter>
    <Filter Include="Netwotk\Buffer">
      <UniqueIdentifier>{5cef79ac-e69e-439f-b6b9-a62325f7b602}</UniqueIdentifier>
    </Filter>
    <Filter Include="Netwotk\IOCP">
      <UniqueIdentifier>{bb7777cd-d6dd-4d11-88eb-d047c59a6de3}</UniqueIdentifier>
    </Filter>
    <Filter Include="Thread">
      <UniqueIdentifier>{24a676f8-582f-4501-8fea-0957cfc3b164}</UniqueIdentifier>
    </Filter>
  </ItemGroup>
  <ItemGroup>
    <ClInclude Include="globalpch.h">
      <Filter>Def</Filter>
    </ClInclude>
    <ClInclude Include="pch.h">
      <Filter>Def</Filter>
    </ClInclude>
    <ClInclude Include="LibTestClass.h">
      <Filter>Main</Filter>
    </ClInclude>
    <ClInclude Include="NetAddress.h">
      <Filter>Netwotk</Filter>
    </ClInclude>
    <ClInclude Include="SocketUtils.h">
      <Filter>Netwotk</Filter>
    </ClInclude>
    <ClInclude Include="Session.h">
      <Filter>Netwotk</Filter>
    </ClInclude>
    <ClInclude Include="RecvBuffer.h">
      <Filter>Netwotk\Buffer</Filter>
    </ClInclude>
    <ClInclude Include="SendBuffer.h">
      <Filter>Netwotk\Buffer</Filter>
    </ClInclude>
    <ClInclude Include="IOCPCore.h">
      <Filter>Netwotk\IOCP</Filter>
    </ClInclude>
    <ClInclude Include="IOCPEvent.h">
      <Filter>Netwotk\IOCP</Filter>
    </ClInclude>
    <ClInclude Include="Service.h">
      <Filter>Netwotk</Filter>
    </ClInclude>
    <ClInclude Include="Listener.h">
      <Filter>Netwotk</Filter>
    </ClInclude>
    <ClInclude Include="SingletonBase.h">
      <Filter>Def</Filter>
    </ClInclude>
    <ClInclude Include="globalMacro.h">
      <Filter>Def</Filter>
    </ClInclude>
    <ClInclude Include="ThreadManager.h">
      <Filter>Thread</Filter>
    </ClInclude>
    <ClInclude Include="TLSDef.h">
      <Filter>Def</Filter>
    </ClInclude>
  </ItemGroup>
  <ItemGroup>
    <ClCompile Include="pch.cpp">
      <Filter>Def</Filter>
    </ClCompile>
    <ClCompile Include="globalpch.cpp">
      <Filter>Def</Filter>
    </ClCompile>
    <ClCompile Include="LibTestClass.cpp">
      <Filter>Main</Filter>
    </ClCompile>
    <ClCompile Include="NetAddress.cpp">
      <Filter>Netwotk</Filter>
    </ClCompile>
    <ClCompile Include="SocketUtils.cpp">
      <Filter>Netwotk</Filter>
    </ClCompile>
    <ClCompile Include="Session.cpp">
      <Filter>Netwotk</Filter>
    </ClCompile>
    <ClCompile Include="SendBuffer.cpp">
      <Filter>Netwotk\Buffer</Filter>
    </ClCompile>
    <ClCompile Include="RecvBuffer.cpp">
      <Filter>Netwotk\Buffer</Filter>
    </ClCompile>
    <ClCompile Include="IOCPCore.cpp">
      <Filter>Netwotk\IOCP</Filter>
    </ClCompile>
    <ClCompile Include="IOCPEvent.cpp">
      <Filter>Netwotk\IOCP</Filter>
    </ClCompile>
    <ClCompile Include="Service.cpp">
      <Filter>Netwotk</Filter>
    </ClCompile>
    <ClCompile Include="Listener.cpp">
      <Filter>Netwotk</Filter>
    </ClCompile>
    <ClCompile Include="ThreadManager.cpp">
      <Filter>Thread</Filter>
    </ClCompile>
    <ClCompile Include="TLSDef.cpp">
      <Filter>Def</Filter>
    </ClCompile>
  </ItemGroup>
</Project>