<?xml version="1.0" encoding="utf-8"?>
<Project ToolsVersion="4.0" xmlns="http://schemas.microsoft.com/developer/msbuild/2003">
  <ItemGroup>
    <Filter Include="Main">
      <UniqueIdentifier>{c13c1ae0-04a5-4c75-8cca-32c105b14916}</UniqueIdentifier>
    </Filter>
    <Filter Include="Def">
      <UniqueIdentifier>{f1456f74-75f8-4736-b59f-7e9a686006f5}</UniqueIdentifier>
    </Filter>
    <Filter Include="Util">
      <UniqueIdentifier>{72f7c285-6a25-4bd9-b090-105b7db113a0}</UniqueIdentifier>
    </Filter>
    <Filter Include="Netwotk">
      <UniqueIdentifier>{b9b53bda-767a-4f6c-8332-a7ee0b55c95e}</UniqueIdentifier>
    </Filter>
    <Filter Include="Netwotk\Buffer">
      <UniqueIdentifier>{5cef79ac-e69e-439f-b6b9-a62325f7b602}</UniqueIdentifier>
    </Filter>
    <Filter Include="Netwotk\IOCP">
      <UniqueIdentifier>{bb7777cd-d6dd-4d11-88eb-d047c59a6de3}</UniqueIdentifier>
    </Filter>
    <Filter Include="Thread">
      <UniqueIdentifier>{24a676f8-582f-4501-8fea-0957cfc3b164}</UniqueIdentifier>
    </Filter>
    <Filter Include="Netwotk\Session">
      <UniqueIdentifier>{499c74fc-04af-4b84-9544-03243ae76ec8}</UniqueIdentifier>
    </Filter>
    <Filter Include="Task">
      <UniqueIdentifier>{c3155867-122f-445c-bcb9-631862d4b6e1}</UniqueIdentifier>
    </Filter>
    <Filter Include="Def\Base">
      <UniqueIdentifier>{e274f7bb-6320-4757-a1d9-7171da05f296}</UniqueIdentifier>
    </Filter>
    <Filter Include="Def\Enums">
      <UniqueIdentifier>{35ca6d58-0d6e-4b45-a36c-9971044ad2a6}</UniqueIdentifier>
    </Filter>
    <Filter Include="Def\Macro">
      <UniqueIdentifier>{9c4a8ac8-d1e9-4730-a5b6-2155291dad99}</UniqueIdentifier>
    </Filter>
    <Filter Include="Def\TLS">
      <UniqueIdentifier>{068c9cff-57e3-4da4-ad65-437f0cf43ab8}</UniqueIdentifier>
    </Filter>
    <Filter Include="Util\ThirdParty">
      <UniqueIdentifier>{b0591008-995a-4a50-8f53-8564bcbbc02a}</UniqueIdentifier>
    </Filter>
    <Filter Include="Util\ThirdParty\XML">
      <UniqueIdentifier>{7cd827cd-acda-40b0-994d-60981a22ec94}</UniqueIdentifier>
    </Filter>
  </ItemGroup>
  <ItemGroup>
    <ClInclude Include="globalpch.h">
      <Filter>Def</Filter>
    </ClInclude>
    <ClInclude Include="pch.h">
      <Filter>Def</Filter>
    </ClInclude>
    <ClInclude Include="LibTestClass.h">
      <Filter>Main</Filter>
    </ClInclude>
    <ClInclude Include="NetAddress.h">
      <Filter>Netwotk</Filter>
    </ClInclude>
    <ClInclude Include="SocketUtils.h">
      <Filter>Netwotk</Filter>
    </ClInclude>
    <ClInclude Include="RecvBuffer.h">
      <Filter>Netwotk\Buffer</Filter>
    </ClInclude>
    <ClInclude Include="SendBuffer.h">
      <Filter>Netwotk\Buffer</Filter>
    </ClInclude>
    <ClInclude Include="IOCPCore.h">
      <Filter>Netwotk\IOCP</Filter>
    </ClInclude>
    <ClInclude Include="IOCPEvent.h">
      <Filter>Netwotk\IOCP</Filter>
    </ClInclude>
    <ClInclude Include="Service.h">
      <Filter>Netwotk</Filter>
    </ClInclude>
    <ClInclude Include="Listener.h">
      <Filter>Netwotk</Filter>
    </ClInclude>
    <ClInclude Include="ThreadManager.h">
      <Filter>Thread</Filter>
    </ClInclude>
    <ClInclude Include="Session.h">
      <Filter>Netwotk\Session</Filter>
    </ClInclude>
    <ClInclude Include="PacketSession.h">
      <Filter>Netwotk\Session</Filter>
    </ClInclude>
    <ClInclude Include="Task.h">
      <Filter>Task</Filter>
    </ClInclude>
    <ClInclude Include="TaskQueue.h">
      <Filter>Task</Filter>
    </ClInclude>
    <ClInclude Include="TaskManager.h">
      <Filter>Task</Filter>
    </ClInclude>
    <ClInclude Include="GlobalGameBase.h">
      <Filter>Def</Filter>
    </ClInclude>
    <ClInclude Include="LockQueueBase.h">
      <Filter>Def\Base</Filter>
    </ClInclude>
    <ClInclude Include="SingletonBase.h">
      <Filter>Def\Base</Filter>
    </ClInclude>
    <ClInclude Include="LogBase.h">
      <Filter>Util</Filter>
    </ClInclude>
    <ClInclude Include="ProtocolResultEnum.h">
      <Filter>Def\Enums</Filter>
    </ClInclude>
    <ClInclude Include="globalMacro.h">
      <Filter>Def\Macro</Filter>
    </ClInclude>
    <ClInclude Include="TLSDef.h">
      <Filter>Def\TLS</Filter>
    </ClInclude>
    <ClInclude Include="FPS.h">
      <Filter>Util</Filter>
    </ClInclude>
    <ClInclude Include="rapidxml_print.hpp">
      <Filter>Util\ThirdParty\XML</Filter>
    </ClInclude>
    <ClInclude Include="rapidxml_utils.hpp">
      <Filter>Util\ThirdParty\XML</Filter>
    </ClInclude>
    <ClInclude Include="XmlParser.h">
      <Filter>Util\ThirdParty\XML</Filter>
    </ClInclude>
    <ClInclude Include="rapidxml.hpp">
      <Filter>Util\ThirdParty\XML</Filter>
    </ClInclude>
    <ClInclude Include="rapidxml_iterators.hpp">
      <Filter>Util\ThirdParty\XML</Filter>
    </ClInclude>
    <ClInclude Include="FileUtil.h">
      <Filter>Util</Filter>
    </ClInclude>
    <ClInclude Include="StringUtil.h">
      <Filter>Util\ThirdParty</Filter>
    </ClInclude>
    <ClInclude Include="StringFormat.h">
      <Filter>Util\ThirdParty</Filter>
    </ClInclude>
  </ItemGroup>
  <ItemGroup>
    <ClCompile Include="pch.cpp">
      <Filter>Def</Filter>
    </ClCompile>
    <ClCompile Include="globalpch.cpp">
      <Filter>Def</Filter>
    </ClCompile>
    <ClCompile Include="LibTestClass.cpp">
      <Filter>Main</Filter>
    </ClCompile>
    <ClCompile Include="NetAddress.cpp">
      <Filter>Netwotk</Filter>
    </ClCompile>
    <ClCompile Include="SocketUtils.cpp">
      <Filter>Netwotk</Filter>
    </ClCompile>
    <ClCompile Include="SendBuffer.cpp">
      <Filter>Netwotk\Buffer</Filter>
    </ClCompile>
    <ClCompile Include="RecvBuffer.cpp">
      <Filter>Netwotk\Buffer</Filter>
    </ClCompile>
    <ClCompile Include="IOCPCore.cpp">
      <Filter>Netwotk\IOCP</Filter>
    </ClCompile>
    <ClCompile Include="IOCPEvent.cpp">
      <Filter>Netwotk\IOCP</Filter>
    </ClCompile>
    <ClCompile Include="Service.cpp">
      <Filter>Netwotk</Filter>
    </ClCompile>
    <ClCompile Include="Listener.cpp">
      <Filter>Netwotk</Filter>
    </ClCompile>
    <ClCompile Include="ThreadManager.cpp">
      <Filter>Thread</Filter>
    </ClCompile>
    <ClCompile Include="Session.cpp">
      <Filter>Netwotk\Session</Filter>
    </ClCompile>
    <ClCompile Include="PacketSession.cpp">
      <Filter>Netwotk\Session</Filter>
    </ClCompile>
    <ClCompile Include="Task.cpp">
      <Filter>Task</Filter>
    </ClCompile>
    <ClCompile Include="TaskQueue.cpp">
      <Filter>Task</Filter>
    </ClCompile>
    <ClCompile Include="TaskManager.cpp">
      <Filter>Task</Filter>
    </ClCompile>
    <ClCompile Include="GlobalGameBase.cpp">
      <Filter>Def</Filter>
    </ClCompile>
    <ClCompile Include="LogBase.cpp">
      <Filter>Util</Filter>
    </ClCompile>
    <ClCompile Include="ProtocolResultEnum.cpp">
      <Filter>Def\Enums</Filter>
    </ClCompile>
    <ClCompile Include="TLSDef.cpp">
      <Filter>Def\TLS</Filter>
    </ClCompile>
    <ClCompile Include="XmlParser.cpp">
      <Filter>Util\ThirdParty\XML</Filter>
    </ClCompile>
    <ClCompile Include="FileUtil.cpp">
      <Filter>Util</Filter>
    </ClCompile>
  </ItemGroup>
</Project>